
Microsoft Visual Studio Solution File, Format Version 12.00
# Visual Studio Version 17
VisualStudioVersion = 17.14.36623.8 d17.14
MinimumVisualStudioVersion = 10.0.40219.1
Project("{FAE04EC0-301F-11D3-BF4B-00C04F79EFBC}") = "Responsi2", "Responsi2.csproj", "{A36BCA11-BF48-43E2-983D-EE387E52007F}"
EndProject
Global
	GlobalSection(SolutionConfigurationPlatforms) = preSolution
		Debug|Any CPU = Debug|Any CPU
		Release|Any CPU = Release|Any CPU
	EndGlobalSection
	GlobalSection(ProjectConfigurationPlatforms) = postSolution
		{A36BCA11-BF48-43E2-983D-EE387E52007F}.Debug|Any CPU.ActiveCfg = Debug|Any CPU
		{A36BCA11-BF48-43E2-983D-EE387E52007F}.Debug|Any CPU.Build.0 = Debug|Any CPU
		{A36BCA11-BF48-43E2-983D-EE387E52007F}.Release|Any CPU.ActiveCfg = Release|Any CPU
		{A36BCA11-BF48-43E2-983D-EE387E52007F}.Release|Any CPU.Build.0 = Release|Any CPU
	EndGlobalSection
	GlobalSection(SolutionProperties) = preSolution
		HideSolutionNode = FALSE
	EndGlobalSection
	GlobalSection(ExtensibilityGlobals) = postSolution
		SolutionGuid = {4D0AC452-79AC-4B75-9D01-9C11A249B51D}
	EndGlobalSection
EndGlobal
